
Microsoft Visual Studio Solution File, Format Version 12.00
# Visual Studio Version 16
VisualStudioVersion = 16.0.31624.102
MinimumVisualStudioVersion = 10.0.40219.1
Project("{FAE04EC0-301F-11D3-BF4B-00C04F79EFBC}") = "UnitTestFindDivisors", "UnitTestFindDivisors\UnitTestFindDivisors.csproj", "{09D5C949-8936-4241-97BB-0617529979EF}"
EndProject
Project("{FAE04EC0-301F-11D3-BF4B-00C04F79EFBC}") = "DividersWindowsForms", "DividersWindowsForms\DividersWindowsForms.csproj", "{FE7E5477-2F80-4F77-886D-41439D966763}"
EndProject
Project("{FAE04EC0-301F-11D3-BF4B-00C04F79EFBC}") = "FindDivisorsLibrary", "FindDivisorsLibrary\FindDivisorsLibrary.csproj", "{EC5DD9B0-4CBF-4472-8AFE-7A54A55E5E74}"
EndProject
Global
	GlobalSection(SolutionConfigurationPlatforms) = preSolution
		Debug|Any CPU = Debug|Any CPU
		Release|Any CPU = Release|Any CPU
	EndGlobalSection
	GlobalSection(ProjectConfigurationPlatforms) = postSolution
		{09D5C949-8936-4241-97BB-0617529979EF}.Debug|Any CPU.ActiveCfg = Debug|Any CPU
		{09D5C949-8936-4241-97BB-0617529979EF}.Debug|Any CPU.Build.0 = Debug|Any CPU
		{09D5C949-8936-4241-97BB-0617529979EF}.Release|Any CPU.ActiveCfg = Release|Any CPU
		{09D5C949-8936-4241-97BB-0617529979EF}.Release|Any CPU.Build.0 = Release|Any CPU
		{FE7E5477-2F80-4F77-886D-41439D966763}.Debug|Any CPU.ActiveCfg = Debug|Any CPU
		{FE7E5477-2F80-4F77-886D-41439D966763}.Debug|Any CPU.Build.0 = Debug|Any CPU
		{FE7E5477-2F80-4F77-886D-41439D966763}.Release|Any CPU.ActiveCfg = Release|Any CPU
		{FE7E5477-2F80-4F77-886D-41439D966763}.Release|Any CPU.Build.0 = Release|Any CPU
		{EC5DD9B0-4CBF-4472-8AFE-7A54A55E5E74}.Debug|Any CPU.ActiveCfg = Debug|Any CPU
		{EC5DD9B0-4CBF-4472-8AFE-7A54A55E5E74}.Debug|Any CPU.Build.0 = Debug|Any CPU
		{EC5DD9B0-4CBF-4472-8AFE-7A54A55E5E74}.Release|Any CPU.ActiveCfg = Release|Any CPU
		{EC5DD9B0-4CBF-4472-8AFE-7A54A55E5E74}.Release|Any CPU.Build.0 = Release|Any CPU
	EndGlobalSection
	GlobalSection(SolutionProperties) = preSolution
		HideSolutionNode = FALSE
	EndGlobalSection
	GlobalSection(ExtensibilityGlobals) = postSolution
		SolutionGuid = {C6F0A4BF-B4B8-4CA2-8EA2-94494F5FF58D}
	EndGlobalSection
EndGlobal
